PODS:
  - FastttCamera (0.2.9):
    - FastttCamera/Default (= 0.2.9)
  - FastttCamera/Default (0.2.9)
  - Kiwi (2.3.1)

DEPENDENCIES:
  - FastttCamera
  - Kiwi

SPEC CHECKSUMS:
  FastttCamera: bd173337377bcf4f1fb698bab3362fcf2914039c
  Kiwi: f038a6c61f7a9e4d7766bff5717aa3b3fdb75f55

COCOAPODS: 0.36.0.beta.1
