// !$*UTF8*$!
{
	archiveVersion = 1;
	classes = {
	};
	objectVersion = 46;
	objects = {

/* Begin PBXBuildFile section */
		CCED932EA94EC02DE02210AD /* libPods-BlinkCamera.a in Frameworks */ = {isa = PBXBuildFile; fileRef = 152D34013E3177EC55528FF9 /* libPods-BlinkCamera.a */; };
		D208FC851AEF5E780006D06C /* BCMViewControllerSpec.m in Sources */ = {isa = PBXBuildFile; fileRef = D208FC841AEF5E780006D06C /* BCMViewControllerSpec.m */; };
		D208FC881AF1FFBD0006D06C /* BCMBlinkDetector.m in Sources */ = {isa = PBXBuildFile; fileRef = D208FC871AF1FFBD0006D06C /* BCMBlinkDetector.m */; };
		D208FC8A1AF1FFED0006D06C /* AVFoundation.framework in Frameworks */ = {isa = PBXBuildFile; fileRef = D208FC891AF1FFED0006D06C /* AVFoundation.framework */; };
		D208FC8C1AF359160006D06C /* BCMBlinkDetector.m in Sources */ = {isa = PBXBuildFile; fileRef = D208FC8B1AF359160006D06C /* BCMBlinkDetector.m */; };
		D24B866E1AEB484300CEDE67 /* main.m in Sources */ = {isa = PBXBuildFile; fileRef = D24B866D1AEB484300CEDE67 /* main.m */; };
		D24B86711AEB484300CEDE67 /* BCMAppDelegate.m in Sources */ = {isa = PBXBuildFile; fileRef = D24B86701AEB484300CEDE67 /* BCMAppDelegate.m */; };
		D24B86741AEB484300CEDE67 /* BCMViewController.m in Sources */ = {isa = PBXBuildFile; fileRef = D24B86731AEB484300CEDE67 /* BCMViewController.m */; };
		D24B86771AEB484300CEDE67 /* Main.storyboard in Resources */ = {isa = PBXBuildFile; fileRef = D24B86751AEB484300CEDE67 /* Main.storyboard */; };
		D24B86791AEB484300CEDE67 /* Images.xcassets in Resources */ = {isa = PBXBuildFile; fileRef = D24B86781AEB484300CEDE67 /* Images.xcassets */; };
		D24B867C1AEB484300CEDE67 /* LaunchScreen.xib in Resources */ = {isa = PBXBuildFile; fileRef = D24B867A1AEB484300CEDE67 /* LaunchScreen.xib */; };
		D28449401AEDA712002D2A2D /* BCMAppDelegateSpec.m in Sources */ = {isa = PBXBuildFile; fileRef = D284493F1AEDA712002D2A2D /* BCMAppDelegateSpec.m */; };
		E91D8320B32250989E81B090 /* libPods-BlinkCameraTests.a in Frameworks */ = {isa = PBXBuildFile; fileRef = 0A987D2FE78FC8A9C926D940 /* libPods-BlinkCameraTests.a */; };
/* End PBXBuildFile section */

/* Begin PBXContainerItemProxy section */
		D24B86821AEB484300CEDE67 /* PBXContainerItemProxy */ = {
			isa = PBXContainerItemProxy;
			containerPortal = D24B86601AEB484300CEDE67 /* Project object */;
			proxyType = 1;
			remoteGlobalIDString = D24B86671AEB484300CEDE67;
			remoteInfo = BlinkCamera;
		};
/* End PBXContainerItemProxy section */

/* Begin PBXFileReference section */
		0A987D2FE78FC8A9C926D940 /* libPods-BlinkCameraTests.a */ = {isa = PBXFileReference; explicitFileType = archive.ar; includeInIndex = 0; path = "libPods-BlinkCameraTests.a"; sourceTree = BUILT_PRODUCTS_DIR; };
		152D34013E3177EC55528FF9 /* libPods-BlinkCamera.a */ = {isa = PBXFileReference; explicitFileType = archive.ar; includeInIndex = 0; path = "libPods-BlinkCamera.a"; sourceTree = BUILT_PRODUCTS_DIR; };
		275D6DC531DD41C3977D1F70 /* Pods-BlinkCamera.debug.xcconfig */ = {isa = PBXFileReference; includeInIndex = 1; lastKnownFileType = text.xcconfig; name = "Pods-BlinkCamera.debug.xcconfig"; path = "Pods/Target Support Files/Pods-BlinkCamera/Pods-BlinkCamera.debug.xcconfig"; sourceTree = "<group>"; };
		4FE8D1FAF3654A3B7C7A810A /* Pods-BlinkCameraTests.debug.xcconfig */ = {isa = PBXFileReference; includeInIndex = 1; lastKnownFileType = text.xcconfig; name = "Pods-BlinkCameraTests.debug.xcconfig"; path = "Pods/Target Support Files/Pods-BlinkCameraTests/Pods-BlinkCameraTests.debug.xcconfig"; sourceTree = "<group>"; };
		6484030B58658070762A0D83 /* Pods-BlinkCamera.release.xcconfig */ = {isa = PBXFileReference; includeInIndex = 1; lastKnownFileType = text.xcconfig; name = "Pods-BlinkCamera.release.xcconfig"; path = "Pods/Target Support Files/Pods-BlinkCamera/Pods-BlinkCamera.release.xcconfig"; sourceTree = "<group>"; };
		7DA7CE6BF2B7F242E8BBD7A5 /* Pods-BlinkCameraTests.release.xcconfig */ = {isa = PBXFileReference; includeInIndex = 1; lastKnownFileType = text.xcconfig; name = "Pods-BlinkCameraTests.release.xcconfig"; path = "Pods/Target Support Files/Pods-BlinkCameraTests/Pods-BlinkCameraTests.release.xcconfig"; sourceTree = "<group>"; };
		D208FC841AEF5E780006D06C /* BCMViewControllerSpec.m */ = {isa = PBXFileReference; fileEncoding = 4; lastKnownFileType = sourcecode.c.objc; path = BCMViewControllerSpec.m; sourceTree = "<group>"; };
		D208FC861AF1FFBD0006D06C /* BCMBlinkDetector.h */ = {isa = PBXFileReference; fileEncoding = 4; lastKnownFileType = sourcecode.c.h; path = BCMBlinkDetector.h; sourceTree = "<group>"; };
		D208FC871AF1FFBD0006D06C /* BCMBlinkDetector.m */ = {isa = PBXFileReference; fileEncoding = 4; lastKnownFileType = sourcecode.c.objc; path = BCMBlinkDetector.m; sourceTree = "<group>"; };
		D208FC891AF1FFED0006D06C /* AVFoundation.framework */ = {isa = PBXFileReference; lastKnownFileType = wrapper.framework; name = AVFoundation.framework; path = System/Library/Frameworks/AVFoundation.framework; sourceTree = SDKROOT; };
		D208FC8B1AF359160006D06C /* BCMBlinkDetector.m */ = {isa = PBXFileReference; fileEncoding = 4; lastKnownFileType = sourcecode.c.objc; path = BCMBlinkDetector.m; sourceTree = "<group>"; };
		D24B86681AEB484300CEDE67 /* BlinkCamera.app */ = {isa = PBXFileReference; explicitFileType = wrapper.application; includeInIndex = 0; path = BlinkCamera.app; sourceTree = BUILT_PRODUCTS_DIR; };
		D24B866C1AEB484300CEDE67 /* Info.plist */ = {isa = PBXFileReference; lastKnownFileType = text.plist.xml; path = Info.plist; sourceTree = "<group>"; };
		D24B866D1AEB484300CEDE67 /* main.m */ = {isa = PBXFileReference; lastKnownFileType = sourcecode.c.objc; path = main.m; sourceTree = "<group>"; };
		D24B866F1AEB484300CEDE67 /* BCMAppDelegate.h */ = {isa = PBXFileReference; lastKnownFileType = sourcecode.c.h; path = BCMAppDelegate.h; sourceTree = "<group>"; };
		D24B86701AEB484300CEDE67 /* BCMAppDelegate.m */ = {isa = PBXFileReference; lastKnownFileType = sourcecode.c.objc; path = BCMAppDelegate.m; sourceTree = "<group>"; };
		D24B86721AEB484300CEDE67 /* BCMViewController.h */ = {isa = PBXFileReference; lastKnownFileType = sourcecode.c.h; path = BCMViewController.h; sourceTree = "<group>"; };
		D24B86731AEB484300CEDE67 /* BCMViewController.m */ = {isa = PBXFileReference; lastKnownFileType = sourcecode.c.objc; path = BCMViewController.m; sourceTree = "<group>"; };
		D24B86761AEB484300CEDE67 /* Base */ = {isa = PBXFileReference; lastKnownFileType = file.storyboard; name = Base; path = Base.lproj/Main.storyboard; sourceTree = "<group>"; };
		D24B86781AEB484300CEDE67 /* Images.xcassets */ = {isa = PBXFileReference; lastKnownFileType = folder.assetcatalog; path = Images.xcassets; sourceTree = "<group>"; };
		D24B867B1AEB484300CEDE67 /* Base */ = {isa = PBXFileReference; lastKnownFileType = file.xib; name = Base; path = Base.lproj/LaunchScreen.xib; sourceTree = "<group>"; };
		D24B86811AEB484300CEDE67 /* BlinkCameraTests.xctest */ = {isa = PBXFileReference; explicitFileType = wrapper.cfbundle; includeInIndex = 0; path = BlinkCameraTests.xctest; sourceTree = BUILT_PRODUCTS_DIR; };
		D24B86861AEB484300CEDE67 /* Info.plist */ = {isa = PBXFileReference; lastKnownFileType = text.plist.xml; path = Info.plist; sourceTree = "<group>"; };
		D284493F1AEDA712002D2A2D /* BCMAppDelegateSpec.m */ = {isa = PBXFileReference; fileEncoding = 4; lastKnownFileType = sourcecode.c.objc; path = BCMAppDelegateSpec.m; sourceTree = "<group>"; };
/* End PBXFileReference section */

/* Begin PBXFrameworksBuildPhase section */
		D24B86651AEB484300CEDE67 /* Frameworks */ = {
			isa = PBXFrameworksBuildPhase;
			buildActionMask = 2147483647;
			files = (
				D208FC8A1AF1FFED0006D06C /* AVFoundation.framework in Frameworks */,
				CCED932EA94EC02DE02210AD /* libPods-BlinkCamera.a in Frameworks */,
			);
			runOnlyForDeploymentPostprocessing = 0;
		};
		D24B867E1AEB484300CEDE67 /* Frameworks */ = {
			isa = PBXFrameworksBuildPhase;
			buildActionMask = 2147483647;
			files = (
				E91D8320B32250989E81B090 /* libPods-BlinkCameraTests.a in Frameworks */,
			);
			runOnlyForDeploymentPostprocessing = 0;
		};
/* End PBXFrameworksBuildPhase section */

/* Begin PBXGroup section */
		909C0C3B8CA15EE1CCC7031C /* Frameworks */ = {
			isa = PBXGroup;
			children = (
				D208FC891AF1FFED0006D06C /* AVFoundation.framework */,
				152D34013E3177EC55528FF9 /* libPods-BlinkCamera.a */,
				0A987D2FE78FC8A9C926D940 /* libPods-BlinkCameraTests.a */,
			);
			name = Frameworks;
			sourceTree = "<group>";
		};
		D24B865F1AEB484300CEDE67 = {
			isa = PBXGroup;
			children = (
				D24B866A1AEB484300CEDE67 /* BlinkCamera */,
				D24B86841AEB484300CEDE67 /* BlinkCameraTests */,
				D24B86691AEB484300CEDE67 /* Products */,
				E079491A3DCBDB3466208CEE /* Pods */,
				909C0C3B8CA15EE1CCC7031C /* Frameworks */,
			);
			sourceTree = "<group>";
		};
		D24B86691AEB484300CEDE67 /* Products */ = {
			isa = PBXGroup;
			children = (
				D24B86681AEB484300CEDE67 /* BlinkCamera.app */,
				D24B86811AEB484300CEDE67 /* BlinkCameraTests.xctest */,
			);
			name = Products;
			sourceTree = "<group>";
		};
		D24B866A1AEB484300CEDE67 /* BlinkCamera */ = {
			isa = PBXGroup;
			children = (
				D24B866F1AEB484300CEDE67 /* BCMAppDelegate.h */,
				D24B86701AEB484300CEDE67 /* BCMAppDelegate.m */,
				D24B86721AEB484300CEDE67 /* BCMViewController.h */,
				D24B86731AEB484300CEDE67 /* BCMViewController.m */,
				D24B86751AEB484300CEDE67 /* Main.storyboard */,
				D208FC861AF1FFBD0006D06C /* BCMBlinkDetector.h */,
				D208FC871AF1FFBD0006D06C /* BCMBlinkDetector.m */,
				D24B86781AEB484300CEDE67 /* Images.xcassets */,
				D24B867A1AEB484300CEDE67 /* LaunchScreen.xib */,
				D24B866B1AEB484300CEDE67 /* Supporting Files */,
			);
			path = BlinkCamera;
			sourceTree = "<group>";
		};
		D24B866B1AEB484300CEDE67 /* Supporting Files */ = {
			isa = PBXGroup;
			children = (
				D24B866C1AEB484300CEDE67 /* Info.plist */,
				D24B866D1AEB484300CEDE67 /* main.m */,
			);
			name = "Supporting Files";
			sourceTree = "<group>";
		};
		D24B86841AEB484300CEDE67 /* BlinkCameraTests */ = {
			isa = PBXGroup;
			children = (
				D284493F1AEDA712002D2A2D /* BCMAppDelegateSpec.m */,
				D208FC841AEF5E780006D06C /* BCMViewControllerSpec.m */,
				D208FC8B1AF359160006D06C /* BCMBlinkDetector.m */,
				D24B86851AEB484300CEDE67 /* Supporting Files */,
			);
			path = BlinkCameraTests;
			sourceTree = "<group>";
		};
		D24B86851AEB484300CEDE67 /* Supporting Files */ = {
			isa = PBXGroup;
			children = (
				D24B86861AEB484300CEDE67 /* Info.plist */,
			);
			name = "Supporting Files";
			sourceTree = "<group>";
		};
		E079491A3DCBDB3466208CEE /* Pods */ = {
			isa = PBXGroup;
			children = (
				275D6DC531DD41C3977D1F70 /* Pods-BlinkCamera.debug.xcconfig */,
				6484030B58658070762A0D83 /* Pods-BlinkCamera.release.xcconfig */,
				4FE8D1FAF3654A3B7C7A810A /* Pods-BlinkCameraTests.debug.xcconfig */,
				7DA7CE6BF2B7F242E8BBD7A5 /* Pods-BlinkCameraTests.release.xcconfig */,
			);
			name = Pods;
			sourceTree = "<group>";
		};
/* End PBXGroup section */

/* Begin PBXNativeTarget section */
		D24B86671AEB484300CEDE67 /* BlinkCamera */ = {
			isa = PBXNativeTarget;
			buildConfigurationList = D24B868B1AEB484300CEDE67 /* Build configuration list for PBXNativeTarget "BlinkCamera" */;
			buildPhases = (
				5C32B1348931A3D3FFAFF151 /* Check Pods Manifest.lock */,
				D24B86641AEB484300CEDE67 /* Sources */,
				D24B86651AEB484300CEDE67 /* Frameworks */,
				D24B86661AEB484300CEDE67 /* Resources */,
				917B7169066C2C84C4A45BA1 /* Copy Pods Resources */,
			);
			buildRules = (
			);
			dependencies = (
			);
			name = BlinkCamera;
			productName = BlinkCamera;
			productReference = D24B86681AEB484300CEDE67 /* BlinkCamera.app */;
			productType = "com.apple.product-type.application";
		};
		D24B86801AEB484300CEDE67 /* BlinkCameraTests */ = {
			isa = PBXNativeTarget;
			buildConfigurationList = D24B868E1AEB484300CEDE67 /* Build configuration list for PBXNativeTarget "BlinkCameraTests" */;
			buildPhases = (
				20442AA6966404A490027D17 /* Check Pods Manifest.lock */,
				D24B867D1AEB484300CEDE67 /* Sources */,
				D24B867E1AEB484300CEDE67 /* Frameworks */,
				D24B867F1AEB484300CEDE67 /* Resources */,
				10FF7B671A35906F0F5E10B1 /* Copy Pods Resources */,
			);
			buildRules = (
			);
			dependencies = (
				D24B86831AEB484300CEDE67 /* PBXTargetDependency */,
			);
			name = BlinkCameraTests;
			productName = BlinkCameraTests;
			productReference = D24B86811AEB484300CEDE67 /* BlinkCameraTests.xctest */;
			productType = "com.apple.product-type.bundle.unit-test";
		};
/* End PBXNativeTarget section */

/* Begin PBXProject section */
		D24B86601AEB484300CEDE67 /* Project object */ = {
			isa = PBXProject;
			attributes = {
				LastUpgradeCheck = 0630;
				ORGANIZATIONNAME = Keiho;
				TargetAttributes = {
					D24B86671AEB484300CEDE67 = {
						CreatedOnToolsVersion = 6.3.1;
						DevelopmentTeam = K5X2L4SS4R;
					};
					D24B86801AEB484300CEDE67 = {
						CreatedOnToolsVersion = 6.3.1;
						TestTargetID = D24B86671AEB484300CEDE67;
					};
				};
			};
			buildConfigurationList = D24B86631AEB484300CEDE67 /* Build configuration list for PBXProject "BlinkCamera" */;
			compatibilityVersion = "Xcode 3.2";
			developmentRegion = English;
			hasScannedForEncodings = 0;
			knownRegions = (
				en,
				Base,
			);
			mainGroup = D24B865F1AEB484300CEDE67;
			productRefGroup = D24B86691AEB484300CEDE67 /* Products */;
			projectDirPath = "";
			projectRoot = "";
			targets = (
				D24B86671AEB484300CEDE67 /* BlinkCamera */,
				D24B86801AEB484300CEDE67 /* BlinkCameraTests */,
			);
		};
/* End PBXProject section */

/* Begin PBXResourcesBuildPhase section */
		D24B86661AEB484300CEDE67 /* Resources */ = {
			isa = PBXResourcesBuildPhase;
			buildActionMask = 2147483647;
			files = (
				D24B86771AEB484300CEDE67 /* Main.storyboard in Resources */,
				D24B867C1AEB484300CEDE67 /* LaunchScreen.xib in Resources */,
				D24B86791AEB484300CEDE67 /* Images.xcassets in Resources */,
			);
			runOnlyForDeploymentPostprocessing = 0;
		};
		D24B867F1AEB484300CEDE67 /* Resources */ = {
			isa = PBXResourcesBuildPhase;
			buildActionMask = 2147483647;
			files = (
			);
			runOnlyForDeploymentPostprocessing = 0;
		};
/* End PBXResourcesBuildPhase section */

/* Begin PBXShellScriptBuildPhase section */
		10FF7B671A35906F0F5E10B1 /* Copy Pods Resources */ = {
			isa = PBXShellScriptBuildPhase;
			buildActionMask = 2147483647;
			files = (
			);
			inputPaths = (
			);
			name = "Copy Pods Resources";
			outputPaths = (
			);
			runOnlyForDeploymentPostprocessing = 0;
			shellPath = /bin/sh;
			shellScript = "\"${SRCROOT}/Pods/Target Support Files/Pods-BlinkCameraTests/Pods-BlinkCameraTests-resources.sh\"\n";
			showEnvVarsInLog = 0;
		};
		20442AA6966404A490027D17 /* Check Pods Manifest.lock */ = {
			isa = PBXShellScriptBuildPhase;
			buildActionMask = 2147483647;
			files = (
			);
			inputPaths = (
			);
			name = "Check Pods Manifest.lock";
			outputPaths = (
			);
			runOnlyForDeploymentPostprocessing = 0;
			shellPath = /bin/sh;
			shellScript = "diff \"${PODS_ROOT}/../Podfile.lock\" \"${PODS_ROOT}/Manifest.lock\" > /dev/null\nif [[ $? != 0 ]] ; then\n    cat << EOM\nerror: The sandbox is not in sync with the Podfile.lock. Run 'pod install' or update your CocoaPods installation.\nEOM\n    exit 1\nfi\n";
			showEnvVarsInLog = 0;
		};
		5C32B1348931A3D3FFAFF151 /* Check Pods Manifest.lock */ = {
			isa = PBXShellScriptBuildPhase;
			buildActionMask = 2147483647;
			files = (
			);
			inputPaths = (
			);
			name = "Check Pods Manifest.lock";
			outputPaths = (
			);
			runOnlyForDeploymentPostprocessing = 0;
			shellPath = /bin/sh;
			shellScript = "diff \"${PODS_ROOT}/../Podfile.lock\" \"${PODS_ROOT}/Manifest.lock\" > /dev/null\nif [[ $? != 0 ]] ; then\n    cat << EOM\nerror: The sandbox is not in sync with the Podfile.lock. Run 'pod install' or update your CocoaPods installation.\nEOM\n    exit 1\nfi\n";
			showEnvVarsInLog = 0;
		};
		917B7169066C2C84C4A45BA1 /* Copy Pods Resources */ = {
			isa = PBXShellScriptBuildPhase;
			buildActionMask = 2147483647;
			files = (
			);
			inputPaths = (
			);
			name = "Copy Pods Resources";
			outputPaths = (
			);
			runOnlyForDeploymentPostprocessing = 0;
			shellPath = /bin/sh;
			shellScript = "\"${SRCROOT}/Pods/Target Support Files/Pods-BlinkCamera/Pods-BlinkCamera-resources.sh\"\n";
			showEnvVarsInLog = 0;
		};
/* End PBXShellScriptBuildPhase section */

/* Begin PBXSourcesBuildPhase section */
		D24B86641AEB484300CEDE67 /* Sources */ = {
			isa = PBXSourcesBuildPhase;
			buildActionMask = 2147483647;
			files = (
				D24B86741AEB484300CEDE67 /* BCMViewController.m in Sources */,
				D208FC881AF1FFBD0006D06C /* BCMBlinkDetector.m in Sources */,
				D24B86711AEB484300CEDE67 /* BCMAppDelegate.m in Sources */,
				D24B866E1AEB484300CEDE67 /* main.m in Sources */,
			);
			runOnlyForDeploymentPostprocessing = 0;
		};
		D24B867D1AEB484300CEDE67 /* Sources */ = {
			isa = PBXSourcesBuildPhase;
			buildActionMask = 2147483647;
			files = (
				D208FC8C1AF359160006D06C /* BCMBlinkDetector.m in Sources */,
				D208FC851AEF5E780006D06C /* BCMViewControllerSpec.m in Sources */,
				D28449401AEDA712002D2A2D /* BCMAppDelegateSpec.m in Sources */,
			);
			runOnlyForDeploymentPostprocessing = 0;
		};
/* End PBXSourcesBuildPhase section */

/* Begin PBXTargetDependency section */
		D24B86831AEB484300CEDE67 /* PBXTargetDependency */ = {
			isa = PBXTargetDependency;
			target = D24B86671AEB484300CEDE67 /* BlinkCamera */;
			targetProxy = D24B86821AEB484300CEDE67 /* PBXContainerItemProxy */;
		};
/* End PBXTargetDependency section */

/* Begin PBXVariantGroup section */
		D24B86751AEB484300CEDE67 /* Main.storyboard */ = {
			isa = PBXVariantGroup;
			children = (
				D24B86761AEB484300CEDE67 /* Base */,
			);
			name = Main.storyboard;
			sourceTree = "<group>";
		};
		D24B867A1AEB484300CEDE67 /* LaunchScreen.xib */ = {
			isa = PBXVariantGroup;
			children = (
				D24B867B1AEB484300CEDE67 /* Base */,
			);
			name = LaunchScreen.xib;
			sourceTree = "<group>";
		};
/* End PBXVariantGroup section */

/* Begin XCBuildConfiguration section */
		D24B86891AEB484300CEDE67 /* Debug */ = {
			isa = XCBuildConfiguration;
			buildSettings = {
				ALWAYS_SEARCH_USER_PATHS = NO;
				CLANG_CXX_LANGUAGE_STANDARD = "gnu++0x";
				CLANG_CXX_LIBRARY = "libc++";
				CLANG_ENABLE_MODULES = YES;
				CLANG_ENABLE_OBJC_ARC = YES;
				CLANG_WARN_BOOL_CONVERSION = YES;
				CLANG_WARN_CONSTANT_CONVERSION = YES;
				CLANG_WARN_DIRECT_OBJC_ISA_USAGE = YES_ERROR;
				CLANG_WARN_EMPTY_BODY = YES;
				CLANG_WARN_ENUM_CONVERSION = YES;
				CLANG_WARN_INT_CONVERSION = YES;
				CLANG_WARN_OBJC_ROOT_CLASS = YES_ERROR;
				CLANG_WARN_UNREACHABLE_CODE = YES;
				CLANG_WARN__DUPLICATE_METHOD_MATCH = YES;
				"CODE_SIGN_IDENTITY[sdk=iphoneos*]" = "iPhone Developer: Kevin Ho (TP52XY5S7H)";
				COPY_PHASE_STRIP = NO;
				DEBUG_INFORMATION_FORMAT = "dwarf-with-dsym";
				ENABLE_STRICT_OBJC_MSGSEND = YES;
				GCC_C_LANGUAGE_STANDARD = gnu99;
				GCC_DYNAMIC_NO_PIC = NO;
				GCC_NO_COMMON_BLOCKS = YES;
				GCC_OPTIMIZATION_LEVEL = 0;
				GCC_PREPROCESSOR_DEFINITIONS = (
					"DEBUG=1",
					"$(inherited)",
				);
				GCC_SYMBOLS_PRIVATE_EXTERN = NO;
				GCC_WARN_64_TO_32_BIT_CONVERSION = YES;
				GCC_WARN_ABOUT_RETURN_TYPE = YES_ERROR;
				GCC_WARN_UNDECLARED_SELECTOR = YES;
				GCC_WARN_UNINITIALIZED_AUTOS = YES_AGGRESSIVE;
				GCC_WARN_UNUSED_FUNCTION = YES;
				GCC_WARN_UNUSED_VARIABLE = YES;
				IPHONEOS_DEPLOYMENT_TARGET = 8.3;
				MTL_ENABLE_DEBUG_INFO = YES;
				ONLY_ACTIVE_ARCH = YES;
				SDKROOT = iphoneos;
			};
			name = Debug;
		};
		D24B868A1AEB484300CEDE67 /* Release */ = {
			isa = XCBuildConfiguration;
			buildSettings = {
				ALWAYS_SEARCH_USER_PATHS = NO;
				CLANG_CXX_LANGUAGE_STANDARD = "gnu++0x";
				CLANG_CXX_LIBRARY = "libc++";
				CLANG_ENABLE_MODULES = YES;
				CLANG_ENABLE_OBJC_ARC = YES;
				CLANG_WARN_BOOL_CONVERSION = YES;
				CLANG_WARN_CONSTANT_CONVERSION = YES;
				CLANG_WARN_DIRECT_OBJC_ISA_USAGE = YES_ERROR;
				CLANG_WARN_EMPTY_BODY = YES;
				CLANG_WARN_ENUM_CONVERSION = YES;
				CLANG_WARN_INT_CONVERSION = YES;
				CLANG_WARN_OBJC_ROOT_CLASS = YES_ERROR;
				CLANG_WARN_UNREACHABLE_CODE = YES;
				CLANG_WARN__DUPLICATE_METHOD_MATCH = YES;
				"CODE_SIGN_IDENTITY[sdk=iphoneos*]" = "iPhone Developer: Kevin Ho (TP52XY5S7H)";
				COPY_PHASE_STRIP = NO;
				DEBUG_INFORMATION_FORMAT = "dwarf-with-dsym";
				ENABLE_NS_ASSERTIONS = NO;
				ENABLE_STRICT_OBJC_MSGSEND = YES;
				GCC_C_LANGUAGE_STANDARD = gnu99;
				GCC_NO_COMMON_BLOCKS = YES;
				GCC_WARN_64_TO_32_BIT_CONVERSION = YES;
				GCC_WARN_ABOUT_RETURN_TYPE = YES_ERROR;
				GCC_WARN_UNDECLARED_SELECTOR = YES;
				GCC_WARN_UNINITIALIZED_AUTOS = YES_AGGRESSIVE;
				GCC_WARN_UNUSED_FUNCTION = YES;
				GCC_WARN_UNUSED_VARIABLE = YES;
				IPHONEOS_DEPLOYMENT_TARGET = 8.3;
				MTL_ENABLE_DEBUG_INFO = NO;
				SDKROOT = iphoneos;
				VALIDATE_PRODUCT = YES;
			};
			name = Release;
		};
		D24B868C1AEB484300CEDE67 /* Debug */ = {
			isa = XCBuildConfiguration;
			baseConfigurationReference = 275D6DC531DD41C3977D1F70 /* Pods-BlinkCamera.debug.xcconfig */;
			buildSettings = {
				ASSETCATALOG_COMPILER_APPICON_NAME = AppIcon;
				CODE_SIGN_IDENTITY = "iPhone Developer: Kevin Ho (TP52XY5S7H)";
				INFOPLIST_FILE = BlinkCamera/Info.plist;
				LD_RUNPATH_SEARCH_PATHS = "$(inherited) @executable_path/Frameworks";
				PRODUCT_NAME = "$(TARGET_NAME)";
			};
			name = Debug;
		};
		D24B868D1AEB484300CEDE67 /* Release */ = {
			isa = XCBuildConfiguration;
			baseConfigurationReference = 6484030B58658070762A0D83 /* Pods-BlinkCamera.release.xcconfig */;
			buildSettings = {
				ASSETCATALOG_COMPILER_APPICON_NAME = AppIcon;
				CODE_SIGN_IDENTITY = "iPhone Developer: Kevin Ho (TP52XY5S7H)";
				INFOPLIST_FILE = BlinkCamera/Info.plist;
				LD_RUNPATH_SEARCH_PATHS = "$(inherited) @executable_path/Frameworks";
				PRODUCT_NAME = "$(TARGET_NAME)";
			};
			name = Release;
		};
		D24B868F1AEB484300CEDE67 /* Debug */ = {
			isa = XCBuildConfiguration;
			baseConfigurationReference = 4FE8D1FAF3654A3B7C7A810A /* Pods-BlinkCameraTests.debug.xcconfig */;
			buildSettings = {
				BUNDLE_LOADER = "$(TEST_HOST)";
				FRAMEWORK_SEARCH_PATHS = (
					"$(SDKROOT)/Developer/Library/Frameworks",
					"$(inherited)",
				);
				GCC_PREPROCESSOR_DEFINITIONS = (
					"DEBUG=1",
					"$(inherited)",
				);
				INFOPLIST_FILE = BlinkCameraTests/Info.plist;
				LD_RUNPATH_SEARCH_PATHS = "$(inherited) @executable_path/Frameworks @loader_path/Frameworks";
				PRODUCT_NAME = "$(TARGET_NAME)";
				TEST_HOST = "$(BUILT_PRODUCTS_DIR)/BlinkCamera.app/BlinkCamera";
			};
			name = Debug;
		};
		D24B86901AEB484300CEDE67 /* Release */ = {
			isa = XCBuildConfiguration;
			baseConfigurationReference = 7DA7CE6BF2B7F242E8BBD7A5 /* Pods-BlinkCameraTests.release.xcconfig */;
			buildSettings = {
				BUNDLE_LOADER = "$(TEST_HOST)";
				FRAMEWORK_SEARCH_PATHS = (
					"$(SDKROOT)/Developer/Library/Frameworks",
					"$(inherited)",
				);
				INFOPLIST_FILE = BlinkCameraTests/Info.plist;
				LD_RUNPATH_SEARCH_PATHS = "$(inherited) @executable_path/Frameworks @loader_path/Frameworks";
				PRODUCT_NAME = "$(TARGET_NAME)";
				TEST_HOST = "$(BUILT_PRODUCTS_DIR)/BlinkCamera.app/BlinkCamera";
			};
			name = Release;
		};
/* End XCBuildConfiguration section */

/* Begin XCConfigurationList section */
		D24B86631AEB484300CEDE67 /* Build configuration list for PBXProject "BlinkCamera" */ = {
			isa = XCConfigurationList;
			buildConfigurations = (
				D24B86891AEB484300CEDE67 /* Debug */,
				D24B868A1AEB484300CEDE67 /* Release */,
			);
			defaultConfigurationIsVisible = 0;
			defaultConfigurationName = Release;
		};
		D24B868B1AEB484300CEDE67 /* Build configuration list for PBXNativeTarget "BlinkCamera" */ = {
			isa = XCConfigurationList;
			buildConfigurations = (
				D24B868C1AEB484300CEDE67 /* Debug */,
				D24B868D1AEB484300CEDE67 /* Release */,
			);
			defaultConfigurationIsVisible = 0;
			defaultConfigurationName = Release;
		};
		D24B868E1AEB484300CEDE67 /* Build configuration list for PBXNativeTarget "BlinkCameraTests" */ = {
			isa = XCConfigurationList;
			buildConfigurations = (
				D24B868F1AEB484300CEDE67 /* Debug */,
				D24B86901AEB484300CEDE67 /* Release */,
			);
			defaultConfigurationIsVisible = 0;
			defaultConfigurationName = Release;
		};
/* End XCConfigurationList section */
	};
	rootObject = D24B86601AEB484300CEDE67 /* Project object */;
}
